<?xml version="1.0" encoding="utf-8"?>
<Project ToolsVersion="4.0" xmlns="http://schemas.microsoft.com/developer/msbuild/2003">
  <ItemGroup>
    <ClCompile Include="glad.c" />
    <ClCompile Include="gl_utils.cpp" />
    <ClCompile Include="main.cpp" />
    <ClCompile Include="model.cpp" />
  </ItemGroup>
  <ItemGroup>
    <ClInclude Include="gl_utils.hpp" />
    <ClInclude Include="stopwatch.hpp" />
    <ClInclude Include="model.hpp" />
  </ItemGroup>
  <ItemGroup>
    <None Include="fragment.glsl" />
    <None Include="vertex.glsl" />
  </ItemGroup>
</Project>